
Microsoft Visual Studio Solution File, Format Version 12.00
# Visual Studio Version 17
VisualStudioVersion = 17.2.32526.322
MinimumVisualStudioVersion = 10.0.40219.1
Project("{9A19103F-16F7-4668-BE54-9A1E7A4F7556}") = "CharacterEditorCore", "CharacterEditorCore\CharacterEditorCore.csproj", "{960B0AE0-EF0A-42EC-BDFE-6B175AFE3BA9}"
EndProject
Project("{9A19103F-16F7-4668-BE54-9A1E7A4F7556}") = "MongoDBLink", "MongoDBLink\MongoDBLink.csproj", "{FC4D5EDF-231E-4FED-9E45-1CA1163E28EB}"
EndProject
Project("{9A19103F-16F7-4668-BE54-9A1E7A4F7556}") = "CharacterEditorWPF", "CharacterEditorWPF\CharacterEditorWPF.csproj", "{45C1C62A-52C7-4CB8-99D0-60C12502F9DB}"
EndProject
Global
	GlobalSection(SolutionConfigurationPlatforms) = preSolution
		Debug|Any CPU = Debug|Any CPU
		Release|Any CPU = Release|Any CPU
	EndGlobalSection
	GlobalSection(ProjectConfigurationPlatforms) = postSolution
		{960B0AE0-EF0A-42EC-BDFE-6B175AFE3BA9}.Debug|Any CPU.ActiveCfg = Debug|Any CPU
		{960B0AE0-EF0A-42EC-BDFE-6B175AFE3BA9}.Debug|Any CPU.Build.0 = Debug|Any CPU
		{960B0AE0-EF0A-42EC-BDFE-6B175AFE3BA9}.Release|Any CPU.ActiveCfg = Release|Any CPU
		{960B0AE0-EF0A-42EC-BDFE-6B175AFE3BA9}.Release|Any CPU.Build.0 = Release|Any CPU
		{FC4D5EDF-231E-4FED-9E45-1CA1163E28EB}.Debug|Any CPU.ActiveCfg = Debug|Any CPU
		{FC4D5EDF-231E-4FED-9E45-1CA1163E28EB}.Debug|Any CPU.Build.0 = Debug|Any CPU
		{FC4D5EDF-231E-4FED-9E45-1CA1163E28EB}.Release|Any CPU.ActiveCfg = Release|Any CPU
		{FC4D5EDF-231E-4FED-9E45-1CA1163E28EB}.Release|Any CPU.Build.0 = Release|Any CPU
		{45C1C62A-52C7-4CB8-99D0-60C12502F9DB}.Debug|Any CPU.ActiveCfg = Debug|Any CPU
		{45C1C62A-52C7-4CB8-99D0-60C12502F9DB}.Debug|Any CPU.Build.0 = Debug|Any CPU
		{45C1C62A-52C7-4CB8-99D0-60C12502F9DB}.Release|Any CPU.ActiveCfg = Release|Any CPU
		{45C1C62A-52C7-4CB8-99D0-60C12502F9DB}.Release|Any CPU.Build.0 = Release|Any CPU
	EndGlobalSection
	GlobalSection(SolutionProperties) = preSolution
		HideSolutionNode = FALSE
	EndGlobalSection
	GlobalSection(ExtensibilityGlobals) = postSolution
		SolutionGuid = {40ED33E9-A4E6-4E1A-BD24-F126C900A477}
	EndGlobalSection
EndGlobal
