
Microsoft Visual Studio Solution File, Format Version 12.00
# Visual Studio Version 17
VisualStudioVersion = 17.2.32526.322
MinimumVisualStudioVersion = 10.0.40219.1
Project("{9A19103F-16F7-4668-BE54-9A1E7A4F7556}") = "CharacterEditorWPF", "CharacterEditorWPF\CharacterEditorWPF.csproj", "{74067DDF-E4B9-444B-ADD3-8CAFB1CAF20A}"
EndProject
Project("{9A19103F-16F7-4668-BE54-9A1E7A4F7556}") = "CharacterEditorCore", "CharacterEditorCore\CharacterEditorCore.csproj", "{3F007D6A-ADC1-4BFC-918B-C4B28A9E3AF8}"
EndProject
Project("{9A19103F-16F7-4668-BE54-9A1E7A4F7556}") = "MongoDBLink", "MongoDBLink\MongoDBLink.csproj", "{827F4876-0E5A-403E-AF53-F1D459025C71}"
EndProject
Global
	GlobalSection(SolutionConfigurationPlatforms) = preSolution
		Debug|Any CPU = Debug|Any CPU
		Release|Any CPU = Release|Any CPU
	EndGlobalSection
	GlobalSection(ProjectConfigurationPlatforms) = postSolution
		{74067DDF-E4B9-444B-ADD3-8CAFB1CAF20A}.Debug|Any CPU.ActiveCfg = Debug|Any CPU
		{74067DDF-E4B9-444B-ADD3-8CAFB1CAF20A}.Debug|Any CPU.Build.0 = Debug|Any CPU
		{74067DDF-E4B9-444B-ADD3-8CAFB1CAF20A}.Release|Any CPU.ActiveCfg = Release|Any CPU
		{74067DDF-E4B9-444B-ADD3-8CAFB1CAF20A}.Release|Any CPU.Build.0 = Release|Any CPU
		{3F007D6A-ADC1-4BFC-918B-C4B28A9E3AF8}.Debug|Any CPU.ActiveCfg = Debug|Any CPU
		{3F007D6A-ADC1-4BFC-918B-C4B28A9E3AF8}.Debug|Any CPU.Build.0 = Debug|Any CPU
		{3F007D6A-ADC1-4BFC-918B-C4B28A9E3AF8}.Release|Any CPU.ActiveCfg = Release|Any CPU
		{3F007D6A-ADC1-4BFC-918B-C4B28A9E3AF8}.Release|Any CPU.Build.0 = Release|Any CPU
		{827F4876-0E5A-403E-AF53-F1D459025C71}.Debug|Any CPU.ActiveCfg = Debug|Any CPU
		{827F4876-0E5A-403E-AF53-F1D459025C71}.Debug|Any CPU.Build.0 = Debug|Any CPU
		{827F4876-0E5A-403E-AF53-F1D459025C71}.Release|Any CPU.ActiveCfg = Release|Any CPU
		{827F4876-0E5A-403E-AF53-F1D459025C71}.Release|Any CPU.Build.0 = Release|Any CPU
	EndGlobalSection
	GlobalSection(SolutionProperties) = preSolution
		HideSolutionNode = FALSE
	EndGlobalSection
	GlobalSection(ExtensibilityGlobals) = postSolution
		SolutionGuid = {40ED33E9-A4E6-4E1A-BD24-F126C900A477}
	EndGlobalSection
EndGlobal
